
Microsoft Visual Studio Solution File, Format Version 12.00
# Visual Studio 15
VisualStudioVersion = 15.0.25302.0
MinimumVisualStudioVersion = 10.0.40219.1
Project("{FAE04EC0-301F-11D3-BF4B-00C04F79EFBC}") = "CAL", "CAL\CAL.csproj", "{AA6EA3B0-209D-4E61-BC58-64E9B8D3DCD4}"
EndProject
Project("{E24C65DC-7377-472B-9ABA-BC803B73C61A}") = "Template", "Template\", "{77587474-3CD3-43A2-8A5C-404191D9FCD1}"
	ProjectSection(WebsiteProperties) = preProject
		TargetFrameworkMoniker = ".NETFramework,Version%3Dv4.0"
		ProjectReferences = "{aa6ea3b0-209d-4e61-bc58-64e9b8d3dcd4}|CAL.dll;"
		Debug.AspNetCompiler.VirtualPath = "/Template"
		Debug.AspNetCompiler.PhysicalPath = "Template\"
		Debug.AspNetCompiler.TargetPath = "PrecompiledWeb\Template\"
		Debug.AspNetCompiler.Updateable = "true"
		Debug.AspNetCompiler.ForceOverwrite = "true"
		Debug.AspNetCompiler.FixedNames = "false"
		Debug.AspNetCompiler.Debug = "True"
		Release.AspNetCompiler.VirtualPath = "/Template"
		Release.AspNetCompiler.PhysicalPath = "Template\"
		Release.AspNetCompiler.TargetPath = "PrecompiledWeb\Template\"
		Release.AspNetCompiler.Updateable = "true"
		Release.AspNetCompiler.ForceOverwrite = "true"
		Release.AspNetCompiler.FixedNames = "false"
		Release.AspNetCompiler.Debug = "False"
		VWDPort = "28077"
		SlnRelativePath = "Template\"
		DefaultWebSiteLanguage = "Visual C#"
	EndProjectSection
EndProject
Global
	GlobalSection(SolutionConfigurationPlatforms) = preSolution
		Debug|Any CPU = Debug|Any CPU
		Release|Any CPU = Release|Any CPU
	EndGlobalSection
	GlobalSection(ProjectConfigurationPlatforms) = postSolution
		{AA6EA3B0-209D-4E61-BC58-64E9B8D3DCD4}.Debug|Any CPU.ActiveCfg = Debug|Any CPU
		{AA6EA3B0-209D-4E61-BC58-64E9B8D3DCD4}.Debug|Any CPU.Build.0 = Debug|Any CPU
		{AA6EA3B0-209D-4E61-BC58-64E9B8D3DCD4}.Release|Any CPU.ActiveCfg = Release|Any CPU
		{AA6EA3B0-209D-4E61-BC58-64E9B8D3DCD4}.Release|Any CPU.Build.0 = Release|Any CPU
		{77587474-3CD3-43A2-8A5C-404191D9FCD1}.Debug|Any CPU.ActiveCfg = Debug|Any CPU
		{77587474-3CD3-43A2-8A5C-404191D9FCD1}.Debug|Any CPU.Build.0 = Debug|Any CPU
		{77587474-3CD3-43A2-8A5C-404191D9FCD1}.Release|Any CPU.ActiveCfg = Debug|Any CPU
		{77587474-3CD3-43A2-8A5C-404191D9FCD1}.Release|Any CPU.Build.0 = Debug|Any CPU
	EndGlobalSection
	GlobalSection(SolutionProperties) = preSolution
		HideSolutionNode = FALSE
	EndGlobalSection
	GlobalSection(ExtensibilityGlobals) = postSolution
		SolutionGuid = {E33A63FE-B383-480C-B297-0362E8729AA8}
	EndGlobalSection
EndGlobal
